
Microsoft Visual Studio Solution File, Format Version 12.00
# Visual Studio 15
VisualStudioVersion = 15.0.27130.2010
MinimumVisualStudioVersion = 10.0.40219.1
Project("{8BC9CEB8-8B4A-11D0-8D11-00A0C91BC942}") = "Sfml2", "Sfml2.vcxproj", "{28B5AE8A-494C-4D08-ABD7-2FFF1A8534B6}"
EndProject
Global
	GlobalSection(SolutionConfigurationPlatforms) = preSolution
		Debug|x64 = Debug|x64
		Debug|x86 = Debug|x86
		Release|x64 = Release|x64
		Release|x86 = Release|x86
	EndGlobalSection
	GlobalSection(ProjectConfigurationPlatforms) = postSolution
		{28B5AE8A-494C-4D08-ABD7-2FFF1A8534B6}.Debug|x64.ActiveCfg = Debug|x64
		{28B5AE8A-494C-4D08-ABD7-2FFF1A8534B6}.Debug|x64.Build.0 = Debug|x64
		{28B5AE8A-494C-4D08-ABD7-2FFF1A8534B6}.Debug|x86.ActiveCfg = Debug|Win32
		{28B5AE8A-494C-4D08-ABD7-2FFF1A8534B6}.Debug|x86.Build.0 = Debug|Win32
		{28B5AE8A-494C-4D08-ABD7-2FFF1A8534B6}.Release|x64.ActiveCfg = Release|x64
		{28B5AE8A-494C-4D08-ABD7-2FFF1A8534B6}.Release|x64.Build.0 = Release|x64
		{28B5AE8A-494C-4D08-ABD7-2FFF1A8534B6}.Release|x86.ActiveCfg = Release|Win32
		{28B5AE8A-494C-4D08-ABD7-2FFF1A8534B6}.Release|x86.Build.0 = Release|Win32
	EndGlobalSection
	GlobalSection(SolutionProperties) = preSolution
		HideSolutionNode = FALSE
	EndGlobalSection
	GlobalSection(ExtensibilityGlobals) = postSolution
		SolutionGuid = {8C7ED79C-3E92-4F78-A1FB-22429BC9AB4C}
	EndGlobalSection
EndGlobal
